github.com/go-interpreter/wagon v0.4.0 h1:4jVJLoG8Fu+Uy7l0zzpquCo0WfHokZ3gBkijsnxTYTU=
github.com/go-interpreter/wagon v0.4.0/go.mod h1:zHOMvbitcZek8oshsMO5VpyBjWjV9X8cn8WTZwdebpM=
github.com/marcinbor85/gohex v0.0.0-20180128172054-7a43cd876e46 h1:wXG2bA8fO7Vv7lLk2PihFMTqmbT173Tje39oKzQ50Mo=
github.com/marcinbor85/gohex v0.0.0-20180128172054-7a43cd876e46/go.mod h1:Pb6XcsXyropB9LNHhnqaknG/vEwYztLkQzVCHv8sQ3M=
github.com/shurcooL/go v0.0.0-20190330031554-6713ea532688 h1:p7kt1rmLjMUkAmuyY/GUZeCoOud+nq297UKCCgEqYmA=
github.com/shurcooL/go v0.0.0-20190330031554-6713ea532688/go.mod h1:TDJrrUr11Vxrven61rcy3hJMUqaf/CLWYhHNPmT14Lk=
github.com/shurcooL/go-goon v0.0.0-20170922171312-37c2f522c041 h1:llrF3Fs4018ePo4+G/HV/uQUqEI1HMDjCeOf2V6puPc=
github.com/shurcooL/go-goon v0.0.0-20170922171312-37c2f522c041/go.mod h1:N5mDOmsrJOB+vfqUK+7DmDyjhSLIIBnXo9lvZJj3MWQ=
github.com/tinygo-org/tinygo v0.4.1 h1:gBoMTDhuC8DnIblAHmSbpeU63WSUlY9HcTZmHX7wnvI=
github.com/tinygo-org/tinygo v0.4.1/go.mod h1:99MkMVIujB+GhZTg80Qdtyod7338rJcMGhevtlSfl0I=
golang.org/x/crypto v0.0.0-20190308221718-c2843e01d9a2/go.mod h1:djNgcEr1/C05ACkg1iLfiJU5Ep61QUkGW8qpdssI0+w=
golang.org/x/net v0.0.0-20190311183353-d8887717615a/go.mod h1:t9HGtf8HONx5eT2rtn7q6eTqICYqUVnKs3thJo3Qplg=
golang.org/x/sys v0.0.0-20190215142949-d0b11bdaac8a/go.mod h1:STP8DvDyc/dI5b8T5hshtkjS+E42TnysNCUPdjciGhY=
golang.org/x/text v0.3.0/go.mod h1:NqM8EUOU14njkJ3fqMW+pc6Ldnwhi/IjpwHt7yyuwOQ=
golang.org/x/tools v0.0.0-20190415205951-2e9de471ebd3 h1:A7MatZGSuF/f2ws69a/gGpovhc1QL/R7LxNah9zrc9s=
golang.org/x/tools v0.0.0-20190415205951-2e9de471ebd3/go.mod h1:LCzVGOaR6xXOjkQ3onu1FJEFr0SW1gC7cKk1uF8kGRs=
tinygo.org/x/go-llvm v0.0.0-20190224120431-7707ae5d1261 h1:rJS2Hga39YAnm7DE4qrPm6Dr/67EOojL0XPzvbEeBiw=
tinygo.org/x/go-llvm v0.0.0-20190224120431-7707ae5d1261/go.mod h1:fv1F0BSNpxMfCL0zF3M4OPFbgYHnhtB6ST0HvUtu/LE=
